
Microsoft Visual Studio Solution File, Format Version 12.00
# Visual Studio 2013
VisualStudioVersion = 12.0.21005.1
MinimumVisualStudioVersion = 10.0.40219.1
Project("{2150E333-8FDC-42A3-9474-1A3956D46DE8}") = "Data", "Data", "{A5CAA8B7-AA6F-4D3A-BDC5-B8185EBDA204}"
EndProject
Project("{FAE04EC0-301F-11D3-BF4B-00C04F79EFBC}") = "LOG.PropznetCRM.Data.Entities", "LOG.PropznetCRM\LOG.PropznetCRM.Data.Entities\LOG.PropznetCRM.Data.Entities.csproj", "{A7F112DA-D071-4CF2-B059-24DC0312BF8B}"
EndProject
Project("{FAE04EC0-301F-11D3-BF4B-00C04F79EFBC}") = "LOG.PropznetCRM.Data.Services", "LOG.PropznetCRM\LOG.PropznetCRM.Data.Services\LOG.PropznetCRM.Data.Services.csproj", "{C2377B4F-ABE9-4398-A87B-1334414AA404}"
EndProject
Project("{2150E333-8FDC-42A3-9474-1A3956D46DE8}") = "API", "API", "{55A11776-A248-4E03-9BB7-492F20428F66}"
EndProject
Project("{FAE04EC0-301F-11D3-BF4B-00C04F79EFBC}") = "LOG.PropznetCRM.Data.API", "LOG.PropznetCRM\LOG.PropznetCRM.Data.API\LOG.PropznetCRM.Data.API.csproj", "{C3E95581-AD66-4C1D-82F9-56FA0A14480F}"
EndProject
Project("{2150E333-8FDC-42A3-9474-1A3956D46DE8}") = "UI", "UI", "{9213F093-F1D3-4735-A4F5-D9139EB97BB6}"
EndProject
Project("{2150E333-8FDC-42A3-9474-1A3956D46DE8}") = "Core", "Core", "{E9F52E16-8EE1-4464-A475-C819B4B40AFA}"
EndProject
Project("{FAE04EC0-301F-11D3-BF4B-00C04F79EFBC}") = "LOG.PropznetCRM.Data.Core", "LOG.PropznetCRM\LOG.PropznetCRM.Data.Core\LOG.PropznetCRM.Data.Core.csproj", "{7066D030-7719-4084-9C7D-AA754164F474}"
EndProject
Project("{FAE04EC0-301F-11D3-BF4B-00C04F79EFBC}") = "LOG.PropznetCRM.Data.Infrastructure", "LOG.PropznetCRM.Data.Infrastructure\LOG.PropznetCRM.Data.Infrastructure.csproj", "{C49AEF62-EC2F-4A4F-859E-7D64BC2AAF23}"
EndProject
Project("{FAE04EC0-301F-11D3-BF4B-00C04F79EFBC}") = "LOG.PropznetCRM.Data.ElasticSearch", "LOG.PropznetCRM.Data.ElasticSearch\LOG.PropznetCRM.Data.ElasticSearch.csproj", "{CB2B7EEB-9F97-4673-833C-0CE05B11F1C4}"
EndProject
Project("{FAE04EC0-301F-11D3-BF4B-00C04F79EFBC}") = "LOG.PropznetCRM.Data.ViewModel", "LOG.PropznetCRM.Data.ViewModel\LOG.PropznetCRM.Data.ViewModel.csproj", "{EE8EB855-A17D-4ADA-8A71-425F07FCFFDE}"
EndProject
Project("{FAE04EC0-301F-11D3-BF4B-00C04F79EFBC}") = "LOG.PropznetCRM.Data.Model", "LOG.PropznetCRM.Data.Model\LOG.PropznetCRM.Data.Model.csproj", "{BED355ED-AC06-4AA4-8F2E-F7C414385E02}"
EndProject
Project("{FAE04EC0-301F-11D3-BF4B-00C04F79EFBC}") = "LOG.PropznetCRM.Data.UI", "LOG.PropznetCRM.Data.UI\LOG.PropznetCRM.Data.UI.csproj", "{5C899719-5875-48EA-B839-EF939895C762}"
EndProject
Project("{FAE04EC0-301F-11D3-BF4B-00C04F79EFBC}") = "LOG.PropznetCRM.Data.DAL", "LOG.PropznetCRM\LOG.PropznetCRM.Data.DAL\LOG.PropznetCRM.Data.DAL.csproj", "{EDDE85D1-9F9D-40AD-8821-1F4701FD8787}"
EndProject
Global
	GlobalSection(SolutionConfigurationPlatforms) = preSolution
		Debug|Any CPU = Debug|Any CPU
		Release|Any CPU = Release|Any CPU
	EndGlobalSection
	GlobalSection(ProjectConfigurationPlatforms) = postSolution
		{A7F112DA-D071-4CF2-B059-24DC0312BF8B}.Debug|Any CPU.ActiveCfg = Debug|Any CPU
		{A7F112DA-D071-4CF2-B059-24DC0312BF8B}.Debug|Any CPU.Build.0 = Debug|Any CPU
		{A7F112DA-D071-4CF2-B059-24DC0312BF8B}.Release|Any CPU.ActiveCfg = Release|Any CPU
		{A7F112DA-D071-4CF2-B059-24DC0312BF8B}.Release|Any CPU.Build.0 = Release|Any CPU
		{C2377B4F-ABE9-4398-A87B-1334414AA404}.Debug|Any CPU.ActiveCfg = Debug|Any CPU
		{C2377B4F-ABE9-4398-A87B-1334414AA404}.Debug|Any CPU.Build.0 = Debug|Any CPU
		{C2377B4F-ABE9-4398-A87B-1334414AA404}.Release|Any CPU.ActiveCfg = Release|Any CPU
		{C2377B4F-ABE9-4398-A87B-1334414AA404}.Release|Any CPU.Build.0 = Release|Any CPU
		{C3E95581-AD66-4C1D-82F9-56FA0A14480F}.Debug|Any CPU.ActiveCfg = Debug|Any CPU
		{C3E95581-AD66-4C1D-82F9-56FA0A14480F}.Debug|Any CPU.Build.0 = Debug|Any CPU
		{C3E95581-AD66-4C1D-82F9-56FA0A14480F}.Release|Any CPU.ActiveCfg = Release|Any CPU
		{C3E95581-AD66-4C1D-82F9-56FA0A14480F}.Release|Any CPU.Build.0 = Release|Any CPU
		{7066D030-7719-4084-9C7D-AA754164F474}.Debug|Any CPU.ActiveCfg = Debug|Any CPU
		{7066D030-7719-4084-9C7D-AA754164F474}.Debug|Any CPU.Build.0 = Debug|Any CPU
		{7066D030-7719-4084-9C7D-AA754164F474}.Release|Any CPU.ActiveCfg = Release|Any CPU
		{7066D030-7719-4084-9C7D-AA754164F474}.Release|Any CPU.Build.0 = Release|Any CPU
		{C49AEF62-EC2F-4A4F-859E-7D64BC2AAF23}.Debug|Any CPU.ActiveCfg = Debug|Any CPU
		{C49AEF62-EC2F-4A4F-859E-7D64BC2AAF23}.Debug|Any CPU.Build.0 = Debug|Any CPU
		{C49AEF62-EC2F-4A4F-859E-7D64BC2AAF23}.Release|Any CPU.ActiveCfg = Release|Any CPU
		{C49AEF62-EC2F-4A4F-859E-7D64BC2AAF23}.Release|Any CPU.Build.0 = Release|Any CPU
		{CB2B7EEB-9F97-4673-833C-0CE05B11F1C4}.Debug|Any CPU.ActiveCfg = Debug|Any CPU
		{CB2B7EEB-9F97-4673-833C-0CE05B11F1C4}.Debug|Any CPU.Build.0 = Debug|Any CPU
		{CB2B7EEB-9F97-4673-833C-0CE05B11F1C4}.Release|Any CPU.ActiveCfg = Release|Any CPU
		{CB2B7EEB-9F97-4673-833C-0CE05B11F1C4}.Release|Any CPU.Build.0 = Release|Any CPU
		{EE8EB855-A17D-4ADA-8A71-425F07FCFFDE}.Debug|Any CPU.ActiveCfg = Debug|Any CPU
		{EE8EB855-A17D-4ADA-8A71-425F07FCFFDE}.Debug|Any CPU.Build.0 = Debug|Any CPU
		{EE8EB855-A17D-4ADA-8A71-425F07FCFFDE}.Release|Any CPU.ActiveCfg = Release|Any CPU
		{EE8EB855-A17D-4ADA-8A71-425F07FCFFDE}.Release|Any CPU.Build.0 = Release|Any CPU
		{BED355ED-AC06-4AA4-8F2E-F7C414385E02}.Debug|Any CPU.ActiveCfg = Debug|Any CPU
		{BED355ED-AC06-4AA4-8F2E-F7C414385E02}.Debug|Any CPU.Build.0 = Debug|Any CPU
		{BED355ED-AC06-4AA4-8F2E-F7C414385E02}.Release|Any CPU.ActiveCfg = Release|Any CPU
		{BED355ED-AC06-4AA4-8F2E-F7C414385E02}.Release|Any CPU.Build.0 = Release|Any CPU
		{5C899719-5875-48EA-B839-EF939895C762}.Debug|Any CPU.ActiveCfg = Debug|Any CPU
		{5C899719-5875-48EA-B839-EF939895C762}.Debug|Any CPU.Build.0 = Debug|Any CPU
		{5C899719-5875-48EA-B839-EF939895C762}.Release|Any CPU.ActiveCfg = Release|Any CPU
		{5C899719-5875-48EA-B839-EF939895C762}.Release|Any CPU.Build.0 = Release|Any CPU
		{EDDE85D1-9F9D-40AD-8821-1F4701FD8787}.Debug|Any CPU.ActiveCfg = Debug|Any CPU
		{EDDE85D1-9F9D-40AD-8821-1F4701FD8787}.Debug|Any CPU.Build.0 = Debug|Any CPU
		{EDDE85D1-9F9D-40AD-8821-1F4701FD8787}.Release|Any CPU.ActiveCfg = Release|Any CPU
		{EDDE85D1-9F9D-40AD-8821-1F4701FD8787}.Release|Any CPU.Build.0 = Release|Any CPU
	EndGlobalSection
	GlobalSection(SolutionProperties) = preSolution
		HideSolutionNode = FALSE
	EndGlobalSection
	GlobalSection(NestedProjects) = preSolution
		{A7F112DA-D071-4CF2-B059-24DC0312BF8B} = {A5CAA8B7-AA6F-4D3A-BDC5-B8185EBDA204}
		{C2377B4F-ABE9-4398-A87B-1334414AA404} = {A5CAA8B7-AA6F-4D3A-BDC5-B8185EBDA204}
		{BED355ED-AC06-4AA4-8F2E-F7C414385E02} = {A5CAA8B7-AA6F-4D3A-BDC5-B8185EBDA204}
		{EDDE85D1-9F9D-40AD-8821-1F4701FD8787} = {A5CAA8B7-AA6F-4D3A-BDC5-B8185EBDA204}
		{C3E95581-AD66-4C1D-82F9-56FA0A14480F} = {55A11776-A248-4E03-9BB7-492F20428F66}
		{C49AEF62-EC2F-4A4F-859E-7D64BC2AAF23} = {9213F093-F1D3-4735-A4F5-D9139EB97BB6}
		{5C899719-5875-48EA-B839-EF939895C762} = {9213F093-F1D3-4735-A4F5-D9139EB97BB6}
		{7066D030-7719-4084-9C7D-AA754164F474} = {E9F52E16-8EE1-4464-A475-C819B4B40AFA}
	EndGlobalSection
EndGlobal
